// !$*UTF8*$!
{
	archiveVersion = 1;
	classes = {
	};
	objectVersion = 77;
	objects = {

/* Begin PBXBuildFile section */
		81860DBD2D3963150001A696 /* ABNetworking in Frameworks */ = {isa = PBXBuildFile; productRef = 81860DBC2D3963150001A696 /* ABNetworking */; };
/* End PBXBuildFile section */

/* Begin PBXContainerItemProxy section */
		817AB0C72D0D88C000CEA26E /* PBXContainerItemProxy */ = {
			isa = PBXContainerItemProxy;
			containerPortal = 817AB0AE2D0D88BE00CEA26E /* Project object */;
			proxyType = 1;
			remoteGlobalIDString = 817AB0B52D0D88BE00CEA26E;
			remoteInfo = "ImagifAi-SwiftUI";
		};
/* End PBXContainerItemProxy section */

/* Begin PBXFileReference section */
		817AB0B62D0D88BE00CEA26E /* ImagifAi-SwiftUI.app */ = {isa = PBXFileReference; explicitFileType = wrapper.application; includeInIndex = 0; path = "ImagifAi-SwiftUI.app"; sourceTree = BUILT_PRODUCTS_DIR; };
		817AB0C62D0D88C000CEA26E /* ImagifAi-SwiftUITests.xctest */ = {isa = PBXFileReference; explicitFileType = wrapper.cfbundle; includeInIndex = 0; path = "ImagifAi-SwiftUITests.xctest"; sourceTree = BUILT_PRODUCTS_DIR; };
		81860DBB2D395F370001A696 /* ABNetworking */ = {isa = PBXFileReference; lastKnownFileType = wrapper; path = ABNetworking; sourceTree = "<group>"; };
/* End PBXFileReference section */

/* Begin PBXFileSystemSynchronizedBuildFileExceptionSet section */
		812ABB802D16CCD000039303 /* Exceptions for "ImagifAi-SwiftUI" folder in "ImagifAi-SwiftUITests" target */ = {
			isa = PBXFileSystemSynchronizedBuildFileExceptionSet;
			membershipExceptions = (
				Config/Config.swift,
				Helpers/ImageCache.swift,
				Helpers/ImageSaver.swift,
				Models/ChatGPTModel.swift,
				Models/ImageGenerationUserInput.swift,
				Models/ImageResolution.swift,
				Models/ImageResponse.swift,
				Models/SavedGeneration.swift,
				Service/OpenAIEndpoint.swift,
				Service/OpenAIService.swift,
				ViewModels/GenerateImageViewModel.swift,
				ViewModels/GenerationDetailsViewModel.swift,
				Views/Components/CachedAsyncImage.swift,
				Views/GenerationDetailsView.swift,
			);
			target = 817AB0C52D0D88C000CEA26E /* ImagifAi-SwiftUITests */;
		};
		81860F592D6074DA0001A696 /* Exceptions for "ImagifAi-SwiftUI" folder in "ImagifAi-SwiftUI" target */ = {
			isa = PBXFileSystemSynchronizedBuildFileExceptionSet;
			membershipExceptions = (
				Info.plist,
			);
			target = 817AB0B52D0D88BE00CEA26E /* ImagifAi-SwiftUI */;
		};
/* End PBXFileSystemSynchronizedBuildFileExceptionSet section */

/* Begin PBXFileSystemSynchronizedRootGroup section */
		817AB0B82D0D88BE00CEA26E /* ImagifAi-SwiftUI */ = {
			isa = PBXFileSystemSynchronizedRootGroup;
			exceptions = (
				81860F592D6074DA0001A696 /* Exceptions for "ImagifAi-SwiftUI" folder in "ImagifAi-SwiftUI" target */,
				812ABB802D16CCD000039303 /* Exceptions for "ImagifAi-SwiftUI" folder in "ImagifAi-SwiftUITests" target */,
			);
			path = "ImagifAi-SwiftUI";
			sourceTree = "<group>";
		};
		817AB0C92D0D88C000CEA26E /* ImagifAi-SwiftUITests */ = {
			isa = PBXFileSystemSynchronizedRootGroup;
			path = "ImagifAi-SwiftUITests";
			sourceTree = "<group>";
		};
/* End PBXFileSystemSynchronizedRootGroup section */

/* Begin PBXFrameworksBuildPhase section */
		817AB0B32D0D88BE00CEA26E /* Frameworks */ = {
			isa = PBXFrameworksBuildPhase;
			buildActionMask = 2147483647;
			files = (
				81860DBD2D3963150001A696 /* ABNetworking in Frameworks */,
			);
			runOnlyForDeploymentPostprocessing = 0;
		};
		817AB0C32D0D88C000CEA26E /* Frameworks */ = {
			isa = PBXFrameworksBuildPhase;
			buildActionMask = 2147483647;
			files = (
			);
			runOnlyForDeploymentPostprocessing = 0;
		};
/* End PBXFrameworksBuildPhase section */

/* Begin PBXGroup section */
		817AB0AD2D0D88BE00CEA26E = {
			isa = PBXGroup;
			children = (
				81860DBB2D395F370001A696 /* ABNetworking */,
				817AB0B82D0D88BE00CEA26E /* ImagifAi-SwiftUI */,
				817AB0C92D0D88C000CEA26E /* ImagifAi-SwiftUITests */,
				81860D792D395A0C0001A696 /* Frameworks */,
				817AB0B72D0D88BE00CEA26E /* Products */,
			);
			sourceTree = "<group>";
		};
		817AB0B72D0D88BE00CEA26E /* Products */ = {
			isa = PBXGroup;
			children = (
				817AB0B62D0D88BE00CEA26E /* ImagifAi-SwiftUI.app */,
				817AB0C62D0D88C000CEA26E /* ImagifAi-SwiftUITests.xctest */,
			);
			name = Products;
			sourceTree = "<group>";
		};
		81860D792D395A0C0001A696 /* Frameworks */ = {
			isa = PBXGroup;
			children = (
			);
			name = Frameworks;
			sourceTree = "<group>";
		};
/* End PBXGroup section */

/* Begin PBXNativeTarget section */
		817AB0B52D0D88BE00CEA26E /* ImagifAi-SwiftUI */ = {
			isa = PBXNativeTarget;
			buildConfigurationList = 817AB0DA2D0D88C000CEA26E /* Build configuration list for PBXNativeTarget "ImagifAi-SwiftUI" */;
			buildPhases = (
				817AB0B22D0D88BE00CEA26E /* Sources */,
				817AB0B32D0D88BE00CEA26E /* Frameworks */,
				817AB0B42D0D88BE00CEA26E /* Resources */,
			);
			buildRules = (
			);
			dependencies = (
			);
			fileSystemSynchronizedGroups = (
				817AB0B82D0D88BE00CEA26E /* ImagifAi-SwiftUI */,
			);
			name = "ImagifAi-SwiftUI";
			packageProductDependencies = (
				81860DBC2D3963150001A696 /* ABNetworking */,
			);
			productName = "ImagifAi-SwiftUI";
			productReference = 817AB0B62D0D88BE00CEA26E /* ImagifAi-SwiftUI.app */;
			productType = "com.apple.product-type.application";
		};
		817AB0C52D0D88C000CEA26E /* ImagifAi-SwiftUITests */ = {
			isa = PBXNativeTarget;
			buildConfigurationList = 817AB0DD2D0D88C000CEA26E /* Build configuration list for PBXNativeTarget "ImagifAi-SwiftUITests" */;
			buildPhases = (
				817AB0C22D0D88C000CEA26E /* Sources */,
				817AB0C32D0D88C000CEA26E /* Frameworks */,
				817AB0C42D0D88C000CEA26E /* Resources */,
			);
			buildRules = (
			);
			dependencies = (
				817AB0C82D0D88C000CEA26E /* PBXTargetDependency */,
			);
			fileSystemSynchronizedGroups = (
				817AB0C92D0D88C000CEA26E /* ImagifAi-SwiftUITests */,
			);
			name = "ImagifAi-SwiftUITests";
			packageProductDependencies = (
			);
			productName = "ImagifAi-SwiftUITests";
			productReference = 817AB0C62D0D88C000CEA26E /* ImagifAi-SwiftUITests.xctest */;
			productType = "com.apple.product-type.bundle.unit-test";
		};
/* End PBXNativeTarget section */

/* Begin PBXProject section */
		817AB0AE2D0D88BE00CEA26E /* Project object */ = {
			isa = PBXProject;
			attributes = {
				BuildIndependentTargetsInParallel = 1;
				LastSwiftUpdateCheck = 1620;
				LastUpgradeCheck = 1620;
				TargetAttributes = {
					817AB0B52D0D88BE00CEA26E = {
						CreatedOnToolsVersion = 16.2;
					};
					817AB0C52D0D88C000CEA26E = {
						CreatedOnToolsVersion = 16.2;
						TestTargetID = 817AB0B52D0D88BE00CEA26E;
					};
				};
			};
			buildConfigurationList = 817AB0B12D0D88BE00CEA26E /* Build configuration list for PBXProject "ImagifAi-SwiftUI" */;
			developmentRegion = en;
			hasScannedForEncodings = 0;
			knownRegions = (
				en,
				Base,
			);
			mainGroup = 817AB0AD2D0D88BE00CEA26E;
			minimizedProjectReferenceProxies = 1;
			preferredProjectObjectVersion = 77;
			productRefGroup = 817AB0B72D0D88BE00CEA26E /* Products */;
			projectDirPath = "";
			projectRoot = "";
			targets = (
				817AB0B52D0D88BE00CEA26E /* ImagifAi-SwiftUI */,
				817AB0C52D0D88C000CEA26E /* ImagifAi-SwiftUITests */,
			);
		};
/* End PBXProject section */

/* Begin PBXResourcesBuildPhase section */
		817AB0B42D0D88BE00CEA26E /* Resources */ = {
			isa = PBXResourcesBuildPhase;
			buildActionMask = 2147483647;
			files = (
			);
			runOnlyForDeploymentPostprocessing = 0;
		};
		817AB0C42D0D88C000CEA26E /* Resources */ = {
			isa = PBXResourcesBuildPhase;
			buildActionMask = 2147483647;
			files = (
			);
			runOnlyForDeploymentPostprocessing = 0;
		};
/* End PBXResourcesBuildPhase section */

/* Begin PBXSourcesBuildPhase section */
		817AB0B22D0D88BE00CEA26E /* Sources */ = {
			isa = PBXSourcesBuildPhase;
			buildActionMask = 2147483647;
			files = (
			);
			runOnlyForDeploymentPostprocessing = 0;
		};
		817AB0C22D0D88C000CEA26E /* Sources */ = {
			isa = PBXSourcesBuildPhase;
			buildActionMask = 2147483647;
			files = (
			);
			runOnlyForDeploymentPostprocessing = 0;
		};
/* End PBXSourcesBuildPhase section */

/* Begin PBXTargetDependency section */
		817AB0C82D0D88C000CEA26E /* PBXTargetDependency */ = {
			isa = PBXTargetDependency;
			target = 817AB0B52D0D88BE00CEA26E /* ImagifAi-SwiftUI */;
			targetProxy = 817AB0C72D0D88C000CEA26E /* PBXContainerItemProxy */;
		};
/* End PBXTargetDependency section */

/* Begin XCBuildConfiguration section */
		817AB0D82D0D88C000CEA26E /* Debug */ = {
			isa = XCBuildConfiguration;
			buildSettings = {
				ALWAYS_SEARCH_USER_PATHS = NO;
				ASSETCATALOG_COMPILER_GENERATE_SWIFT_ASSET_SYMBOL_EXTENSIONS = YES;
				CLANG_ANALYZER_NONNULL = YES;
				CLANG_ANALYZER_NUMBER_OBJECT_CONVERSION = YES_AGGRESSIVE;
				CLANG_CXX_LANGUAGE_STANDARD = "gnu++20";
				CLANG_ENABLE_MODULES = YES;
				CLANG_ENABLE_OBJC_ARC = YES;
				CLANG_ENABLE_OBJC_WEAK = YES;
				CLANG_WARN_BLOCK_CAPTURE_AUTORELEASING = YES;
				CLANG_WARN_BOOL_CONVERSION = YES;
				CLANG_WARN_COMMA = YES;
				CLANG_WARN_CONSTANT_CONVERSION = YES;
				CLANG_WARN_DEPRECATED_OBJC_IMPLEMENTATIONS = YES;
				CLANG_WARN_DIRECT_OBJC_ISA_USAGE = YES_ERROR;
				CLANG_WARN_DOCUMENTATION_COMMENTS = YES;
				CLANG_WARN_EMPTY_BODY = YES;
				CLANG_WARN_ENUM_CONVERSION = YES;
				CLANG_WARN_INFINITE_RECURSION = YES;
				CLANG_WARN_INT_CONVERSION = YES;
				CLANG_WARN_NON_LITERAL_NULL_CONVERSION = YES;
				CLANG_WARN_OBJC_IMPLICIT_RETAIN_SELF = YES;
				CLANG_WARN_OBJC_LITERAL_CONVERSION = YES;
				CLANG_WARN_OBJC_ROOT_CLASS = YES_ERROR;
				CLANG_WARN_QUOTED_INCLUDE_IN_FRAMEWORK_HEADER = YES;
				CLANG_WARN_RANGE_LOOP_ANALYSIS = YES;
				CLANG_WARN_STRICT_PROTOTYPES = YES;
				CLANG_WARN_SUSPICIOUS_MOVE = YES;
				CLANG_WARN_UNGUARDED_AVAILABILITY = YES_AGGRESSIVE;
				CLANG_WARN_UNREACHABLE_CODE = YES;
				CLANG_WARN__DUPLICATE_METHOD_MATCH = YES;
				COPY_PHASE_STRIP = NO;
				DEBUG_INFORMATION_FORMAT = dwarf;
				ENABLE_STRICT_OBJC_MSGSEND = YES;
				ENABLE_TESTABILITY = YES;
				ENABLE_USER_SCRIPT_SANDBOXING = YES;
				GCC_C_LANGUAGE_STANDARD = gnu17;
				GCC_DYNAMIC_NO_PIC = NO;
				GCC_NO_COMMON_BLOCKS = YES;
				GCC_OPTIMIZATION_LEVEL = 0;
				GCC_PREPROCESSOR_DEFINITIONS = (
					"DEBUG=1",
					"$(inherited)",
				);
				GCC_WARN_64_TO_32_BIT_CONVERSION = YES;
				GCC_WARN_ABOUT_RETURN_TYPE = YES_ERROR;
				GCC_WARN_UNDECLARED_SELECTOR = YES;
				GCC_WARN_UNINITIALIZED_AUTOS = YES_AGGRESSIVE;
				GCC_WARN_UNUSED_FUNCTION = YES;
				GCC_WARN_UNUSED_VARIABLE = YES;
				IPHONEOS_DEPLOYMENT_TARGET = 18.2;
				LOCALIZATION_PREFERS_STRING_CATALOGS = YES;
				MTL_ENABLE_DEBUG_INFO = INCLUDE_SOURCE;
				MTL_FAST_MATH = YES;
				ONLY_ACTIVE_ARCH = YES;
				SDKROOT = iphoneos;
				SWIFT_ACTIVE_COMPILATION_CONDITIONS = "DEBUG $(inherited)";
				SWIFT_OPTIMIZATION_LEVEL = "-Onone";
			};
			name = Debug;
		};
		817AB0D92D0D88C000CEA26E /* Release */ = {
			isa = XCBuildConfiguration;
			buildSettings = {
				ALWAYS_SEARCH_USER_PATHS = NO;
				ASSETCATALOG_COMPILER_GENERATE_SWIFT_ASSET_SYMBOL_EXTENSIONS = YES;
				CLANG_ANALYZER_NONNULL = YES;
				CLANG_ANALYZER_NUMBER_OBJECT_CONVERSION = YES_AGGRESSIVE;
				CLANG_CXX_LANGUAGE_STANDARD = "gnu++20";
				CLANG_ENABLE_MODULES = YES;
				CLANG_ENABLE_OBJC_ARC = YES;
				CLANG_ENABLE_OBJC_WEAK = YES;
				CLANG_WARN_BLOCK_CAPTURE_AUTORELEASING = YES;
				CLANG_WARN_BOOL_CONVERSION = YES;
				CLANG_WARN_COMMA = YES;
				CLANG_WARN_CONSTANT_CONVERSION = YES;
				CLANG_WARN_DEPRECATED_OBJC_IMPLEMENTATIONS = YES;
				CLANG_WARN_DIRECT_OBJC_ISA_USAGE = YES_ERROR;
				CLANG_WARN_DOCUMENTATION_COMMENTS = YES;
				CLANG_WARN_EMPTY_BODY = YES;
				CLANG_WARN_ENUM_CONVERSION = YES;
				CLANG_WARN_INFINITE_RECURSION = YES;
				CLANG_WARN_INT_CONVERSION = YES;
				CLANG_WARN_NON_LITERAL_NULL_CONVERSION = YES;
				CLANG_WARN_OBJC_IMPLICIT_RETAIN_SELF = YES;
				CLANG_WARN_OBJC_LITERAL_CONVERSION = YES;
				CLANG_WARN_OBJC_ROOT_CLASS = YES_ERROR;
				CLANG_WARN_QUOTED_INCLUDE_IN_FRAMEWORK_HEADER = YES;
				CLANG_WARN_RANGE_LOOP_ANALYSIS = YES;
				CLANG_WARN_STRICT_PROTOTYPES = YES;
				CLANG_WARN_SUSPICIOUS_MOVE = YES;
				CLANG_WARN_UNGUARDED_AVAILABILITY = YES_AGGRESSIVE;
				CLANG_WARN_UNREACHABLE_CODE = YES;
				CLANG_WARN__DUPLICATE_METHOD_MATCH = YES;
				COPY_PHASE_STRIP = NO;
				DEBUG_INFORMATION_FORMAT = "dwarf-with-dsym";
				ENABLE_NS_ASSERTIONS = NO;
				ENABLE_STRICT_OBJC_MSGSEND = YES;
				ENABLE_USER_SCRIPT_SANDBOXING = YES;
				GCC_C_LANGUAGE_STANDARD = gnu17;
				GCC_NO_COMMON_BLOCKS = YES;
				GCC_WARN_64_TO_32_BIT_CONVERSION = YES;
				GCC_WARN_ABOUT_RETURN_TYPE = YES_ERROR;
				GCC_WARN_UNDECLARED_SELECTOR = YES;
				GCC_WARN_UNINITIALIZED_AUTOS = YES_AGGRESSIVE;
				GCC_WARN_UNUSED_FUNCTION = YES;
				GCC_WARN_UNUSED_VARIABLE = YES;
				IPHONEOS_DEPLOYMENT_TARGET = 18.2;
				LOCALIZATION_PREFERS_STRING_CATALOGS = YES;
				MTL_ENABLE_DEBUG_INFO = NO;
				MTL_FAST_MATH = YES;
				SDKROOT = iphoneos;
				SWIFT_COMPILATION_MODE = wholemodule;
				VALIDATE_PRODUCT = YES;
			};
			name = Release;
		};
		817AB0DB2D0D88C000CEA26E /* Debug */ = {
			isa = XCBuildConfiguration;
			buildSettings = {
				ASSETCATALOG_COMPILER_APPICON_NAME = AppIcon;
				ASSETCATALOG_COMPILER_GLOBAL_ACCENT_COLOR_NAME = AccentColor;
				CODE_SIGN_STYLE = Automatic;
				CURRENT_PROJECT_VERSION = 1;
				DEVELOPMENT_ASSET_PATHS = "\"ImagifAi-SwiftUI/Preview Content\"";
				DEVELOPMENT_TEAM = 4A659DTV5C;
				ENABLE_PREVIEWS = YES;
				GENERATE_INFOPLIST_FILE = YES;
				INFOPLIST_FILE = "ImagifAi-SwiftUI/Info.plist";
				INFOPLIST_KEY_NSPhotoLibraryUsageDescription = "Allow Photo-Access to let the app save photo to your gallery.";
				INFOPLIST_KEY_UIApplicationSceneManifest_Generation = YES;
				INFOPLIST_KEY_UIApplicationSupportsIndirectInputEvents = YES;
				INFOPLIST_KEY_UILaunchScreen_Generation = YES;
				INFOPLIST_KEY_UISupportedInterfaceOrientations = UIInterfaceOrientationPortrait;
				INFOPLIST_KEY_UISupportedInterfaceOrientations_iPad = "UIInterfaceOrientationLandscapeLeft UIInterfaceOrientationLandscapeRight UIInterfaceOrientationPortrait UIInterfaceOrientationPortraitUpsideDown";
				IPHONEOS_DEPLOYMENT_TARGET = 18.0;
				LD_RUNPATH_SEARCH_PATHS = (
					"$(inherited)",
					"@executable_path/Frameworks",
				);
				MARKETING_VERSION = 1.0;
				PRODUCT_BUNDLE_IDENTIFIER = "com.abd.ImagifAi-SwiftUI";
				PRODUCT_NAME = "$(TARGET_NAME)";
				SUPPORTED_PLATFORMS = "iphoneos iphonesimulator";
				SUPPORTS_MACCATALYST = NO;
				SUPPORTS_MAC_DESIGNED_FOR_IPHONE_IPAD = NO;
				SUPPORTS_XR_DESIGNED_FOR_IPHONE_IPAD = NO;
				SWIFT_EMIT_LOC_STRINGS = YES;
				SWIFT_VERSION = 5.0;
				TARGETED_DEVICE_FAMILY = 1;
			};
			name = Debug;
		};
		817AB0DC2D0D88C000CEA26E /* Release */ = {
			isa = XCBuildConfiguration;
			buildSettings = {
				ASSETCATALOG_COMPILER_APPICON_NAME = AppIcon;
				ASSETCATALOG_COMPILER_GLOBAL_ACCENT_COLOR_NAME = AccentColor;
				CODE_SIGN_STYLE = Automatic;
				CURRENT_PROJECT_VERSION = 1;
				DEVELOPMENT_ASSET_PATHS = "\"ImagifAi-SwiftUI/Preview Content\"";
				DEVELOPMENT_TEAM = 4A659DTV5C;
				ENABLE_PREVIEWS = YES;
				GENERATE_INFOPLIST_FILE = YES;
				INFOPLIST_FILE = "ImagifAi-SwiftUI/Info.plist";
				INFOPLIST_KEY_NSPhotoLibraryUsageDescription = "Allow Photo-Access to let the app save photo to your gallery.";
				INFOPLIST_KEY_UIApplicationSceneManifest_Generation = YES;
				INFOPLIST_KEY_UIApplicationSupportsIndirectInputEvents = YES;
				INFOPLIST_KEY_UILaunchScreen_Generation = YES;
				INFOPLIST_KEY_UISupportedInterfaceOrientations = UIInterfaceOrientationPortrait;
				INFOPLIST_KEY_UISupportedInterfaceOrientations_iPad = "UIInterfaceOrientationLandscapeLeft UIInterfaceOrientationLandscapeRight UIInterfaceOrientationPortrait UIInterfaceOrientationPortraitUpsideDown";
				IPHONEOS_DEPLOYMENT_TARGET = 18.0;
				LD_RUNPATH_SEARCH_PATHS = (
					"$(inherited)",
					"@executable_path/Frameworks",
				);
				MARKETING_VERSION = 1.0;
				PRODUCT_BUNDLE_IDENTIFIER = "com.abd.ImagifAi-SwiftUI";
				PRODUCT_NAME = "$(TARGET_NAME)";
				SUPPORTED_PLATFORMS = "iphoneos iphonesimulator";
				SUPPORTS_MACCATALYST = NO;
				SUPPORTS_MAC_DESIGNED_FOR_IPHONE_IPAD = NO;
				SUPPORTS_XR_DESIGNED_FOR_IPHONE_IPAD = NO;
				SWIFT_EMIT_LOC_STRINGS = YES;
				SWIFT_VERSION = 5.0;
				TARGETED_DEVICE_FAMILY = 1;
			};
			name = Release;
		};
		817AB0DE2D0D88C000CEA26E /* Debug */ = {
			isa = XCBuildConfiguration;
			buildSettings = {
				BUNDLE_LOADER = "$(TEST_HOST)";
				CODE_SIGN_STYLE = Automatic;
				CURRENT_PROJECT_VERSION = 1;
				DEVELOPMENT_TEAM = 4A659DTV5C;
				GENERATE_INFOPLIST_FILE = YES;
				IPHONEOS_DEPLOYMENT_TARGET = 18.0;
				MARKETING_VERSION = 1.0;
				PRODUCT_BUNDLE_IDENTIFIER = "com.abd.ImagifAi-SwiftUITests";
				PRODUCT_NAME = "$(TARGET_NAME)";
				SUPPORTED_PLATFORMS = "iphoneos iphonesimulator";
				SUPPORTS_MACCATALYST = NO;
				SUPPORTS_MAC_DESIGNED_FOR_IPHONE_IPAD = NO;
				SUPPORTS_XR_DESIGNED_FOR_IPHONE_IPAD = NO;
				SWIFT_EMIT_LOC_STRINGS = NO;
				SWIFT_VERSION = 5.0;
				TARGETED_DEVICE_FAMILY = 1;
				TEST_HOST = "$(BUILT_PRODUCTS_DIR)/ImagifAi-SwiftUI.app/$(BUNDLE_EXECUTABLE_FOLDER_PATH)/ImagifAi-SwiftUI";
			};
			name = Debug;
		};
		817AB0DF2D0D88C000CEA26E /* Release */ = {
			isa = XCBuildConfiguration;
			buildSettings = {
				BUNDLE_LOADER = "$(TEST_HOST)";
				CODE_SIGN_STYLE = Automatic;
				CURRENT_PROJECT_VERSION = 1;
				DEVELOPMENT_TEAM = 4A659DTV5C;
				GENERATE_INFOPLIST_FILE = YES;
				IPHONEOS_DEPLOYMENT_TARGET = 18.0;
				MARKETING_VERSION = 1.0;
				PRODUCT_BUNDLE_IDENTIFIER = "com.abd.ImagifAi-SwiftUITests";
				PRODUCT_NAME = "$(TARGET_NAME)";
				SUPPORTED_PLATFORMS = "iphoneos iphonesimulator";
				SUPPORTS_MACCATALYST = NO;
				SUPPORTS_MAC_DESIGNED_FOR_IPHONE_IPAD = NO;
				SUPPORTS_XR_DESIGNED_FOR_IPHONE_IPAD = NO;
				SWIFT_EMIT_LOC_STRINGS = NO;
				SWIFT_VERSION = 5.0;
				TARGETED_DEVICE_FAMILY = 1;
				TEST_HOST = "$(BUILT_PRODUCTS_DIR)/ImagifAi-SwiftUI.app/$(BUNDLE_EXECUTABLE_FOLDER_PATH)/ImagifAi-SwiftUI";
			};
			name = Release;
		};
/* End XCBuildConfiguration section */

/* Begin XCConfigurationList section */
		817AB0B12D0D88BE00CEA26E /* Build configuration list for PBXProject "ImagifAi-SwiftUI" */ = {
			isa = XCConfigurationList;
			buildConfigurations = (
				817AB0D82D0D88C000CEA26E /* Debug */,
				817AB0D92D0D88C000CEA26E /* Release */,
			);
			defaultConfigurationIsVisible = 0;
			defaultConfigurationName = Release;
		};
		817AB0DA2D0D88C000CEA26E /* Build configuration list for PBXNativeTarget "ImagifAi-SwiftUI" */ = {
			isa = XCConfigurationList;
			buildConfigurations = (
				817AB0DB2D0D88C000CEA26E /* Debug */,
				817AB0DC2D0D88C000CEA26E /* Release */,
			);
			defaultConfigurationIsVisible = 0;
			defaultConfigurationName = Release;
		};
		817AB0DD2D0D88C000CEA26E /* Build configuration list for PBXNativeTarget "ImagifAi-SwiftUITests" */ = {
			isa = XCConfigurationList;
			buildConfigurations = (
				817AB0DE2D0D88C000CEA26E /* Debug */,
				817AB0DF2D0D88C000CEA26E /* Release */,
			);
			defaultConfigurationIsVisible = 0;
			defaultConfigurationName = Release;
		};
/* End XCConfigurationList section */

/* Begin XCSwiftPackageProductDependency section */
		81860DBC2D3963150001A696 /* ABNetworking */ = {
			isa = XCSwiftPackageProductDependency;
			productName = ABNetworking;
		};
/* End XCSwiftPackageProductDependency section */
	};
	rootObject = 817AB0AE2D0D88BE00CEA26E /* Project object */;
}
